{
  "lib/forge-std": {
    "tag": {
      "name": "v1.13.0",
      "rev": "c29afdd40a82db50a3d3709d324416be50050e5e"
    }
  },
  "lib/foundry-devops": {
    "tag": {
      "name": "0.4.0",
      "rev": "efff097a87e70c3d15661c9f2a2daeae0b33d5d5"
    }
  },
  "lib/openzeppelin-contracts": {
    "tag": {
      "name": "v5.6.0",
      "rev": "56a3de2cea907c9a500d32e70c275f68393b7ba6"
    }
  }
}